// !$*UTF8*$!
{
	archiveVersion = 1;
	classes = {
	};
	objectVersion = 46;
	objects = {

/* Begin PBXBuildFile section */
		384B9414A6A68DB48270D7B0 /* Pods_eLegionTestApp.framework in Frameworks */ = {isa = PBXBuildFile; fileRef = E97069F4B0C5201BE59EC6EB /* Pods_eLegionTestApp.framework */; };
		9462EB7C1D3E9187005F8DA9 /* eLegionTestAppUITests.swift in Sources */ = {isa = PBXBuildFile; fileRef = 9462EB7B1D3E9187005F8DA9 /* eLegionTestAppUITests.swift */; };
		9494FA321D352354001996EE /* main.m in Sources */ = {isa = PBXBuildFile; fileRef = 9494FA311D352354001996EE /* main.m */; };
		9494FA351D352354001996EE /* AppDelegate.m in Sources */ = {isa = PBXBuildFile; fileRef = 9494FA341D352354001996EE /* AppDelegate.m */; };
		9494FA3B1D352354001996EE /* Main.storyboard in Resources */ = {isa = PBXBuildFile; fileRef = 9494FA391D352354001996EE /* Main.storyboard */; };
		9494FA3D1D352354001996EE /* Assets.xcassets in Resources */ = {isa = PBXBuildFile; fileRef = 9494FA3C1D352354001996EE /* Assets.xcassets */; };
		9494FA401D352354001996EE /* LaunchScreen.storyboard in Resources */ = {isa = PBXBuildFile; fileRef = 9494FA3E1D352354001996EE /* LaunchScreen.storyboard */; };
		9494FA4F1D35252C001996EE /* MainViewController.m in Sources */ = {isa = PBXBuildFile; fileRef = 9494FA4C1D35252C001996EE /* MainViewController.m */; };
		9494FA501D35252C001996EE /* SearchTableViewController.m in Sources */ = {isa = PBXBuildFile; fileRef = 9494FA4E1D35252C001996EE /* SearchTableViewController.m */; };
		9494FA551D352546001996EE /* RepositoryTableViewCell.m in Sources */ = {isa = PBXBuildFile; fileRef = 9494FA531D352546001996EE /* RepositoryTableViewCell.m */; };
		9494FA561D352546001996EE /* RepositoryTableViewCell.xib in Resources */ = {isa = PBXBuildFile; fileRef = 9494FA541D352546001996EE /* RepositoryTableViewCell.xib */; };
		9494FA5E1D35273C001996EE /* PHNetworkManager.m in Sources */ = {isa = PBXBuildFile; fileRef = 9494FA5D1D35273C001996EE /* PHNetworkManager.m */; };
		9494FA631D3529CF001996EE /* SearchRequest.m in Sources */ = {isa = PBXBuildFile; fileRef = 9494FA621D3529CF001996EE /* SearchRequest.m */; };
		9494FAA11D356624001996EE /* Repository.m in Sources */ = {isa = PBXBuildFile; fileRef = 9494FA9C1D356624001996EE /* Repository.m */; };
		9494FAA21D356624001996EE /* RepositoryOwner.m in Sources */ = {isa = PBXBuildFile; fileRef = 9494FA9E1D356624001996EE /* RepositoryOwner.m */; };
		9494FAA81D356695001996EE /* RepoListRequestModel.m in Sources */ = {isa = PBXBuildFile; fileRef = 9494FAA51D356695001996EE /* RepoListRequestModel.m */; };
		9494FAA91D356695001996EE /* RepositoryModel.m in Sources */ = {isa = PBXBuildFile; fileRef = 9494FAA71D356695001996EE /* RepositoryModel.m */; };
		9494FAAC1D3566BC001996EE /* RepositoryOwnerModel.m in Sources */ = {isa = PBXBuildFile; fileRef = 9494FAAB1D3566BC001996EE /* RepositoryOwnerModel.m */; };
		9494FAB01D356C0A001996EE /* JSONValueTransformer+ISO8601.m in Sources */ = {isa = PBXBuildFile; fileRef = 9494FAAF1D356C0A001996EE /* JSONValueTransformer+ISO8601.m */; };
		9494FAB81D3575DB001996EE /* DatabaseManager.m in Sources */ = {isa = PBXBuildFile; fileRef = 9494FAB71D3575DB001996EE /* DatabaseManager.m */; };
		B41167B5B8F214CADB7C3650 /* Pods_eLegionTestAppUITests.framework in Frameworks */ = {isa = PBXBuildFile; fileRef = A9B2A62C9B270386EFBED885 /* Pods_eLegionTestAppUITests.framework */; };
/* End PBXBuildFile section */

/* Begin PBXContainerItemProxy section */
		9462EB7E1D3E9187005F8DA9 /* PBXContainerItemProxy */ = {
			isa = PBXContainerItemProxy;
			containerPortal = 9494FA251D352354001996EE /* Project object */;
			proxyType = 1;
			remoteGlobalIDString = 9494FA2C1D352354001996EE;
			remoteInfo = eLegionTestApp;
		};
/* End PBXContainerItemProxy section */

/* Begin PBXFileReference section */
		892A639E1A598DEA47A1A6BF /* Pods-eLegionTestAppUITests.release.xcconfig */ = {isa = PBXFileReference; includeInIndex = 1; lastKnownFileType = text.xcconfig; name = "Pods-eLegionTestAppUITests.release.xcconfig"; path = "Pods/Target Support Files/Pods-eLegionTestAppUITests/Pods-eLegionTestAppUITests.release.xcconfig"; sourceTree = "<group>"; };
		9462EB741D3E90C2005F8DA9 /* eLegionTestApp-Bridging-Header.h */ = {isa = PBXFileReference; lastKnownFileType = sourcecode.c.h; path = "eLegionTestApp-Bridging-Header.h"; sourceTree = "<group>"; };
		9462EB791D3E9187005F8DA9 /* eLegionTestAppUITests.xctest */ = {isa = PBXFileReference; explicitFileType = wrapper.cfbundle; includeInIndex = 0; path = eLegionTestAppUITests.xctest; sourceTree = BUILT_PRODUCTS_DIR; };
		9462EB7B1D3E9187005F8DA9 /* eLegionTestAppUITests.swift */ = {isa = PBXFileReference; lastKnownFileType = sourcecode.swift; path = eLegionTestAppUITests.swift; sourceTree = "<group>"; };
		9462EB7D1D3E9187005F8DA9 /* Info.plist */ = {isa = PBXFileReference; lastKnownFileType = text.plist.xml; path = Info.plist; sourceTree = "<group>"; };
		9494FA2D1D352354001996EE /* eLegionTestApp.app */ = {isa = PBXFileReference; explicitFileType = wrapper.application; includeInIndex = 0; path = eLegionTestApp.app; sourceTree = BUILT_PRODUCTS_DIR; };
		9494FA311D352354001996EE /* main.m */ = {isa = PBXFileReference; lastKnownFileType = sourcecode.c.objc; path = main.m; sourceTree = "<group>"; };
		9494FA331D352354001996EE /* AppDelegate.h */ = {isa = PBXFileReference; lastKnownFileType = sourcecode.c.h; path = AppDelegate.h; sourceTree = "<group>"; };
		9494FA341D352354001996EE /* AppDelegate.m */ = {isa = PBXFileReference; lastKnownFileType = sourcecode.c.objc; path = AppDelegate.m; sourceTree = "<group>"; };
		9494FA3A1D352354001996EE /* Base */ = {isa = PBXFileReference; lastKnownFileType = file.storyboard; name = Base; path = Base.lproj/Main.storyboard; sourceTree = "<group>"; };
		9494FA3C1D352354001996EE /* Assets.xcassets */ = {isa = PBXFileReference; lastKnownFileType = folder.assetcatalog; path = Assets.xcassets; sourceTree = "<group>"; };
		9494FA3F1D352354001996EE /* Base */ = {isa = PBXFileReference; lastKnownFileType = file.storyboard; name = Base; path = Base.lproj/LaunchScreen.storyboard; sourceTree = "<group>"; };
		9494FA411D352354001996EE /* Info.plist */ = {isa = PBXFileReference; lastKnownFileType = text.plist.xml; path = Info.plist; sourceTree = "<group>"; };
		9494FA4B1D35252C001996EE /* MainViewController.h */ = {isa = PBXFileReference; fileEncoding = 4; lastKnownFileType = sourcecode.c.h; path = MainViewController.h; sourceTree = "<group>"; };
		9494FA4C1D35252C001996EE /* MainViewController.m */ = {isa = PBXFileReference; fileEncoding = 4; lastKnownFileType = sourcecode.c.objc; path = MainViewController.m; sourceTree = "<group>"; };
		9494FA4D1D35252C001996EE /* SearchTableViewController.h */ = {isa = PBXFileReference; fileEncoding = 4; lastKnownFileType = sourcecode.c.h; path = SearchTableViewController.h; sourceTree = "<group>"; };
		9494FA4E1D35252C001996EE /* SearchTableViewController.m */ = {isa = PBXFileReference; fileEncoding = 4; lastKnownFileType = sourcecode.c.objc; path = SearchTableViewController.m; sourceTree = "<group>"; };
		9494FA521D352546001996EE /* RepositoryTableViewCell.h */ = {isa = PBXFileReference; fileEncoding = 4; lastKnownFileType = sourcecode.c.h; path = RepositoryTableViewCell.h; sourceTree = "<group>"; };
		9494FA531D352546001996EE /* RepositoryTableViewCell.m */ = {isa = PBXFileReference; fileEncoding = 4; lastKnownFileType = sourcecode.c.objc; path = RepositoryTableViewCell.m; sourceTree = "<group>"; };
		9494FA541D352546001996EE /* RepositoryTableViewCell.xib */ = {isa = PBXFileReference; fileEncoding = 4; lastKnownFileType = file.xib; path = RepositoryTableViewCell.xib; sourceTree = "<group>"; };
		9494FA5C1D35273C001996EE /* PHNetworkManager.h */ = {isa = PBXFileReference; fileEncoding = 4; lastKnownFileType = sourcecode.c.h; path = PHNetworkManager.h; sourceTree = "<group>"; };
		9494FA5D1D35273C001996EE /* PHNetworkManager.m */ = {isa = PBXFileReference; fileEncoding = 4; lastKnownFileType = sourcecode.c.objc; path = PHNetworkManager.m; sourceTree = "<group>"; };
		9494FA5F1D352749001996EE /* NetworkConfig.h */ = {isa = PBXFileReference; lastKnownFileType = sourcecode.c.h; path = NetworkConfig.h; sourceTree = "<group>"; };
		9494FA611D3529CF001996EE /* SearchRequest.h */ = {isa = PBXFileReference; fileEncoding = 4; lastKnownFileType = sourcecode.c.h; path = SearchRequest.h; sourceTree = "<group>"; };
		9494FA621D3529CF001996EE /* SearchRequest.m */ = {isa = PBXFileReference; fileEncoding = 4; lastKnownFileType = sourcecode.c.objc; path = SearchRequest.m; sourceTree = "<group>"; };
		9494FA9B1D356624001996EE /* Repository.h */ = {isa = PBXFileReference; fileEncoding = 4; lastKnownFileType = sourcecode.c.h; path = Repository.h; sourceTree = "<group>"; };
		9494FA9C1D356624001996EE /* Repository.m */ = {isa = PBXFileReference; fileEncoding = 4; lastKnownFileType = sourcecode.c.objc; path = Repository.m; sourceTree = "<group>"; };
		9494FA9D1D356624001996EE /* RepositoryOwner.h */ = {isa = PBXFileReference; fileEncoding = 4; lastKnownFileType = sourcecode.c.h; path = RepositoryOwner.h; sourceTree = "<group>"; };
		9494FA9E1D356624001996EE /* RepositoryOwner.m */ = {isa = PBXFileReference; fileEncoding = 4; lastKnownFileType = sourcecode.c.objc; path = RepositoryOwner.m; sourceTree = "<group>"; };
		9494FAA41D356695001996EE /* RepoListRequestModel.h */ = {isa = PBXFileReference; fileEncoding = 4; lastKnownFileType = sourcecode.c.h; path = RepoListRequestModel.h; sourceTree = "<group>"; };
		9494FAA51D356695001996EE /* RepoListRequestModel.m */ = {isa = PBXFileReference; fileEncoding = 4; lastKnownFileType = sourcecode.c.objc; path = RepoListRequestModel.m; sourceTree = "<group>"; };
		9494FAA61D356695001996EE /* RepositoryModel.h */ = {isa = PBXFileReference; fileEncoding = 4; lastKnownFileType = sourcecode.c.h; path = RepositoryModel.h; sourceTree = "<group>"; };
		9494FAA71D356695001996EE /* RepositoryModel.m */ = {isa = PBXFileReference; fileEncoding = 4; lastKnownFileType = sourcecode.c.objc; path = RepositoryModel.m; sourceTree = "<group>"; };
		9494FAAA1D3566BC001996EE /* RepositoryOwnerModel.h */ = {isa = PBXFileReference; fileEncoding = 4; lastKnownFileType = sourcecode.c.h; path = RepositoryOwnerModel.h; sourceTree = "<group>"; };
		9494FAAB1D3566BC001996EE /* RepositoryOwnerModel.m */ = {isa = PBXFileReference; fileEncoding = 4; lastKnownFileType = sourcecode.c.objc; path = RepositoryOwnerModel.m; sourceTree = "<group>"; };
		9494FAAE1D356C0A001996EE /* JSONValueTransformer+ISO8601.h */ = {isa = PBXFileReference; fileEncoding = 4; lastKnownFileType = sourcecode.c.h; path = "JSONValueTransformer+ISO8601.h"; sourceTree = "<group>"; };
		9494FAAF1D356C0A001996EE /* JSONValueTransformer+ISO8601.m */ = {isa = PBXFileReference; fileEncoding = 4; lastKnownFileType = sourcecode.c.objc; path = "JSONValueTransformer+ISO8601.m"; sourceTree = "<group>"; };
		9494FAB61D3575DB001996EE /* DatabaseManager.h */ = {isa = PBXFileReference; fileEncoding = 4; lastKnownFileType = sourcecode.c.h; path = DatabaseManager.h; sourceTree = "<group>"; };
		9494FAB71D3575DB001996EE /* DatabaseManager.m */ = {isa = PBXFileReference; fileEncoding = 4; lastKnownFileType = sourcecode.c.objc; path = DatabaseManager.m; sourceTree = "<group>"; };
		9E4558DF5D170837F4562423 /* Pods-eLegionTestApp.release.xcconfig */ = {isa = PBXFileReference; includeInIndex = 1; lastKnownFileType = text.xcconfig; name = "Pods-eLegionTestApp.release.xcconfig"; path = "Pods/Target Support Files/Pods-eLegionTestApp/Pods-eLegionTestApp.release.xcconfig"; sourceTree = "<group>"; };
		A9B2A62C9B270386EFBED885 /* Pods_eLegionTestAppUITests.framework */ = {isa = PBXFileReference; explicitFileType = wrapper.framework; includeInIndex = 0; path = Pods_eLegionTestAppUITests.framework; sourceTree = BUILT_PRODUCTS_DIR; };
		ADC00A90351B99BF012C7997 /* Pods-eLegionTestAppUITests.debug.xcconfig */ = {isa = PBXFileReference; includeInIndex = 1; lastKnownFileType = text.xcconfig; name = "Pods-eLegionTestAppUITests.debug.xcconfig"; path = "Pods/Target Support Files/Pods-eLegionTestAppUITests/Pods-eLegionTestAppUITests.debug.xcconfig"; sourceTree = "<group>"; };
		B11538F8EA588A77E0265764 /* Pods-eLegionTestApp.debug.xcconfig */ = {isa = PBXFileReference; includeInIndex = 1; lastKnownFileType = text.xcconfig; name = "Pods-eLegionTestApp.debug.xcconfig"; path = "Pods/Target Support Files/Pods-eLegionTestApp/Pods-eLegionTestApp.debug.xcconfig"; sourceTree = "<group>"; };
		E97069F4B0C5201BE59EC6EB /* Pods_eLegionTestApp.framework */ = {isa = PBXFileReference; explicitFileType = wrapper.framework; includeInIndex = 0; path = Pods_eLegionTestApp.framework; sourceTree = BUILT_PRODUCTS_DIR; };
/* End PBXFileReference section */

/* Begin PBXFrameworksBuildPhase section */
		9462EB761D3E9187005F8DA9 /* Frameworks */ = {
			isa = PBXFrameworksBuildPhase;
			buildActionMask = 2147483647;
			files = (
				B41167B5B8F214CADB7C3650 /* Pods_eLegionTestAppUITests.framework in Frameworks */,
			);
			runOnlyForDeploymentPostprocessing = 0;
		};
		9494FA2A1D352354001996EE /* Frameworks */ = {
			isa = PBXFrameworksBuildPhase;
			buildActionMask = 2147483647;
			files = (
				384B9414A6A68DB48270D7B0 /* Pods_eLegionTestApp.framework in Frameworks */,
			);
			runOnlyForDeploymentPostprocessing = 0;
		};
/* End PBXFrameworksBuildPhase section */

/* Begin PBXGroup section */
		9462EB7A1D3E9187005F8DA9 /* eLegionTestAppUITests */ = {
			isa = PBXGroup;
			children = (
				9462EB7B1D3E9187005F8DA9 /* eLegionTestAppUITests.swift */,
				9462EB7D1D3E9187005F8DA9 /* Info.plist */,
			);
			path = eLegionTestAppUITests;
			sourceTree = "<group>";
		};
		9494FA241D352354001996EE = {
			isa = PBXGroup;
			children = (
				9462EB741D3E90C2005F8DA9 /* eLegionTestApp-Bridging-Header.h */,
				9494FA2F1D352354001996EE /* eLegionTestApp */,
				9462EB7A1D3E9187005F8DA9 /* eLegionTestAppUITests */,
				9494FA2E1D352354001996EE /* Products */,
				C1D43334528ED246E2A9F688 /* Pods */,
				9C3B057875D18872C6C4941A /* Frameworks */,
			);
			sourceTree = "<group>";
		};
		9494FA2E1D352354001996EE /* Products */ = {
			isa = PBXGroup;
			children = (
				9494FA2D1D352354001996EE /* eLegionTestApp.app */,
				9462EB791D3E9187005F8DA9 /* eLegionTestAppUITests.xctest */,
			);
			name = Products;
			sourceTree = "<group>";
		};
		9494FA2F1D352354001996EE /* eLegionTestApp */ = {
			isa = PBXGroup;
			children = (
				9494FAB51D3575CF001996EE /* DatabaseManager */,
				9494FA661D353D12001996EE /* Model */,
				9494FA601D3529C2001996EE /* Network */,
				9494FA5B1D35273C001996EE /* NetworkManager */,
				9494FA511D352536001996EE /* Views */,
				9494FA4A1D35252C001996EE /* ViewControllers */,
				9494FA331D352354001996EE /* AppDelegate.h */,
				9494FA341D352354001996EE /* AppDelegate.m */,
				9494FA391D352354001996EE /* Main.storyboard */,
				9494FA3C1D352354001996EE /* Assets.xcassets */,
				9494FA3E1D352354001996EE /* LaunchScreen.storyboard */,
				9494FA411D352354001996EE /* Info.plist */,
				9494FA301D352354001996EE /* Supporting Files */,
			);
			path = eLegionTestApp;
			sourceTree = "<group>";
		};
		9494FA301D352354001996EE /* Supporting Files */ = {
			isa = PBXGroup;
			children = (
				9494FA311D352354001996EE /* main.m */,
			);
			name = "Supporting Files";
			sourceTree = "<group>";
		};
		9494FA4A1D35252C001996EE /* ViewControllers */ = {
			isa = PBXGroup;
			children = (
				9494FA4B1D35252C001996EE /* MainViewController.h */,
				9494FA4C1D35252C001996EE /* MainViewController.m */,
				9494FA4D1D35252C001996EE /* SearchTableViewController.h */,
				9494FA4E1D35252C001996EE /* SearchTableViewController.m */,
			);
			path = ViewControllers;
			sourceTree = "<group>";
		};
		9494FA511D352536001996EE /* Views */ = {
			isa = PBXGroup;
			children = (
				9494FA521D352546001996EE /* RepositoryTableViewCell.h */,
				9494FA531D352546001996EE /* RepositoryTableViewCell.m */,
				9494FA541D352546001996EE /* RepositoryTableViewCell.xib */,
			);
			path = Views;
			sourceTree = "<group>";
		};
		9494FA5B1D35273C001996EE /* NetworkManager */ = {
			isa = PBXGroup;
			children = (
				9494FA5F1D352749001996EE /* NetworkConfig.h */,
				9494FA5C1D35273C001996EE /* PHNetworkManager.h */,
				9494FA5D1D35273C001996EE /* PHNetworkManager.m */,
			);
			path = NetworkManager;
			sourceTree = "<group>";
		};
		9494FA601D3529C2001996EE /* Network */ = {
			isa = PBXGroup;
			children = (
				9494FA611D3529CF001996EE /* SearchRequest.h */,
				9494FA621D3529CF001996EE /* SearchRequest.m */,
			);
			path = Network;
			sourceTree = "<group>";
		};
		9494FA661D353D12001996EE /* Model */ = {
			isa = PBXGroup;
			children = (
				9494FAA31D356695001996EE /* JSON */,
				9494FA9A1D356624001996EE /* Realm */,
			);
			path = Model;
			sourceTree = "<group>";
		};
		9494FA9A1D356624001996EE /* Realm */ = {
			isa = PBXGroup;
			children = (
				9494FA9B1D356624001996EE /* Repository.h */,
				9494FA9C1D356624001996EE /* Repository.m */,
				9494FA9D1D356624001996EE /* RepositoryOwner.h */,
				9494FA9E1D356624001996EE /* RepositoryOwner.m */,
			);
			path = Realm;
			sourceTree = "<group>";
		};
		9494FAA31D356695001996EE /* JSON */ = {
			isa = PBXGroup;
			children = (
				9494FAAD1D356C0A001996EE /* JSONValueTransformer */,
				9494FAA41D356695001996EE /* RepoListRequestModel.h */,
				9494FAA51D356695001996EE /* RepoListRequestModel.m */,
				9494FAA61D356695001996EE /* RepositoryModel.h */,
				9494FAA71D356695001996EE /* RepositoryModel.m */,
				9494FAAA1D3566BC001996EE /* RepositoryOwnerModel.h */,
				9494FAAB1D3566BC001996EE /* RepositoryOwnerModel.m */,
			);
			path = JSON;
			sourceTree = "<group>";
		};
		9494FAAD1D356C0A001996EE /* JSONValueTransformer */ = {
			isa = PBXGroup;
			children = (
				9494FAAE1D356C0A001996EE /* JSONValueTransformer+ISO8601.h */,
				9494FAAF1D356C0A001996EE /* JSONValueTransformer+ISO8601.m */,
			);
			path = JSONValueTransformer;
			sourceTree = "<group>";
		};
		9494FAB51D3575CF001996EE /* DatabaseManager */ = {
			isa = PBXGroup;
			children = (
				9494FAB61D3575DB001996EE /* DatabaseManager.h */,
				9494FAB71D3575DB001996EE /* DatabaseManager.m */,
			);
			path = DatabaseManager;
			sourceTree = "<group>";
		};
		9C3B057875D18872C6C4941A /* Frameworks */ = {
			isa = PBXGroup;
			children = (
				E97069F4B0C5201BE59EC6EB /* Pods_eLegionTestApp.framework */,
				A9B2A62C9B270386EFBED885 /* Pods_eLegionTestAppUITests.framework */,
			);
			name = Frameworks;
			sourceTree = "<group>";
		};
		C1D43334528ED246E2A9F688 /* Pods */ = {
			isa = PBXGroup;
			children = (
				B11538F8EA588A77E0265764 /* Pods-eLegionTestApp.debug.xcconfig */,
				9E4558DF5D170837F4562423 /* Pods-eLegionTestApp.release.xcconfig */,
				ADC00A90351B99BF012C7997 /* Pods-eLegionTestAppUITests.debug.xcconfig */,
				892A639E1A598DEA47A1A6BF /* Pods-eLegionTestAppUITests.release.xcconfig */,
			);
			name = Pods;
			sourceTree = "<group>";
		};
/* End PBXGroup section */

/* Begin PBXNativeTarget section */
		9462EB781D3E9187005F8DA9 /* eLegionTestAppUITests */ = {
			isa = PBXNativeTarget;
			buildConfigurationList = 9462EB801D3E9187005F8DA9 /* Build configuration list for PBXNativeTarget "eLegionTestAppUITests" */;
			buildPhases = (
				1E5096F6EAEFE39E53C48ADB /* [CP] Check Pods Manifest.lock */,
				9462EB751D3E9187005F8DA9 /* Sources */,
				9462EB761D3E9187005F8DA9 /* Frameworks */,
				9462EB771D3E9187005F8DA9 /* Resources */,
				E880EA34FDC8385849393DD8 /* [CP] Copy Pods Resources */,
			);
			buildRules = (
			);
			dependencies = (
				9462EB7F1D3E9187005F8DA9 /* PBXTargetDependency */,
			);
			name = eLegionTestAppUITests;
			productName = eLegionTestAppUITests;
			productReference = 9462EB791D3E9187005F8DA9 /* eLegionTestAppUITests.xctest */;
			productType = "com.apple.product-type.bundle.ui-testing";
		};
		9494FA2C1D352354001996EE /* eLegionTestApp */ = {
			isa = PBXNativeTarget;
			buildConfigurationList = 9494FA441D352354001996EE /* Build configuration list for PBXNativeTarget "eLegionTestApp" */;
			buildPhases = (
				E41D2F4BE735FC6453731CA6 /* [CP] Check Pods Manifest.lock */,
				9494FA291D352354001996EE /* Sources */,
				9494FA2A1D352354001996EE /* Frameworks */,
				9494FA2B1D352354001996EE /* Resources */,
				580FD92ABC0D6F21B4122CAE /* [CP] Embed Pods Frameworks */,
				006F8BE76465CCD9CAF622F5 /* [CP] Copy Pods Resources */,
			);
			buildRules = (
			);
			dependencies = (
			);
			name = eLegionTestApp;
			productName = eLegionTestApp;
			productReference = 9494FA2D1D352354001996EE /* eLegionTestApp.app */;
			productType = "com.apple.product-type.application";
		};
/* End PBXNativeTarget section */

/* Begin PBXProject section */
		9494FA251D352354001996EE /* Project object */ = {
			isa = PBXProject;
			attributes = {
				LastSwiftUpdateCheck = 0730;
				LastUpgradeCheck = 0730;
				ORGANIZATIONNAME = "Nikolay Ischuk";
				TargetAttributes = {
					9462EB781D3E9187005F8DA9 = {
						CreatedOnToolsVersion = 7.3.1;
						TestTargetID = 9494FA2C1D352354001996EE;
					};
					9494FA2C1D352354001996EE = {
						CreatedOnToolsVersion = 7.3.1;
					};
				};
			};
			buildConfigurationList = 9494FA281D352354001996EE /* Build configuration list for PBXProject "eLegionTestApp" */;
			compatibilityVersion = "Xcode 3.2";
			developmentRegion = English;
			hasScannedForEncodings = 0;
			knownRegions = (
				en,
				Base,
			);
			mainGroup = 9494FA241D352354001996EE;
			productRefGroup = 9494FA2E1D352354001996EE /* Products */;
			projectDirPath = "";
			projectRoot = "";
			targets = (
				9494FA2C1D352354001996EE /* eLegionTestApp */,
				9462EB781D3E9187005F8DA9 /* eLegionTestAppUITests */,
			);
		};
/* End PBXProject section */

/* Begin PBXResourcesBuildPhase section */
		9462EB771D3E9187005F8DA9 /* Resources */ = {
			isa = PBXResourcesBuildPhase;
			buildActionMask = 2147483647;
			files = (
			);
			runOnlyForDeploymentPostprocessing = 0;
		};
		9494FA2B1D352354001996EE /* Resources */ = {
			isa = PBXResourcesBuildPhase;
			buildActionMask = 2147483647;
			files = (
				9494FA401D352354001996EE /* LaunchScreen.storyboard in Resources */,
				9494FA3D1D352354001996EE /* Assets.xcassets in Resources */,
				9494FA3B1D352354001996EE /* Main.storyboard in Resources */,
				9494FA561D352546001996EE /* RepositoryTableViewCell.xib in Resources */,
			);
			runOnlyForDeploymentPostprocessing = 0;
		};
/* End PBXResourcesBuildPhase section */

/* Begin PBXShellScriptBuildPhase section */
		006F8BE76465CCD9CAF622F5 /* [CP] Copy Pods Resources */ = {
			isa = PBXShellScriptBuildPhase;
			buildActionMask = 2147483647;
			files = (
			);
			inputPaths = (
			);
			name = "[CP] Copy Pods Resources";
			outputPaths = (
			);
			runOnlyForDeploymentPostprocessing = 0;
			shellPath = /bin/sh;
			shellScript = "\"${SRCROOT}/Pods/Target Support Files/Pods-eLegionTestApp/Pods-eLegionTestApp-resources.sh\"\n";
			showEnvVarsInLog = 0;
		};
		1E5096F6EAEFE39E53C48ADB /* [CP] Check Pods Manifest.lock */ = {
			isa = PBXShellScriptBuildPhase;
			buildActionMask = 2147483647;
			files = (
			);
			inputPaths = (
			);
			name = "[CP] Check Pods Manifest.lock";
			outputPaths = (
			);
			runOnlyForDeploymentPostprocessing = 0;
			shellPath = /bin/sh;
			shellScript = "diff \"${PODS_ROOT}/../Podfile.lock\" \"${PODS_ROOT}/Manifest.lock\" > /dev/null\nif [[ $? != 0 ]] ; then\n    cat << EOM\nerror: The sandbox is not in sync with the Podfile.lock. Run 'pod install' or update your CocoaPods installation.\nEOM\n    exit 1\nfi\n";
			showEnvVarsInLog = 0;
		};
		580FD92ABC0D6F21B4122CAE /* [CP] Embed Pods Frameworks */ = {
			isa = PBXShellScriptBuildPhase;
			buildActionMask = 2147483647;
			files = (
			);
			inputPaths = (
			);
			name = "[CP] Embed Pods Frameworks";
			outputPaths = (
			);
			runOnlyForDeploymentPostprocessing = 0;
			shellPath = /bin/sh;
			shellScript = "\"${SRCROOT}/Pods/Target Support Files/Pods-eLegionTestApp/Pods-eLegionTestApp-frameworks.sh\"\n";
			showEnvVarsInLog = 0;
		};
		E41D2F4BE735FC6453731CA6 /* [CP] Check Pods Manifest.lock */ = {
			isa = PBXShellScriptBuildPhase;
			buildActionMask = 2147483647;
			files = (
			);
			inputPaths = (
			);
			name = "[CP] Check Pods Manifest.lock";
			outputPaths = (
			);
			runOnlyForDeploymentPostprocessing = 0;
			shellPath = /bin/sh;
			shellScript = "diff \"${PODS_ROOT}/../Podfile.lock\" \"${PODS_ROOT}/Manifest.lock\" > /dev/null\nif [[ $? != 0 ]] ; then\n    cat << EOM\nerror: The sandbox is not in sync with the Podfile.lock. Run 'pod install' or update your CocoaPods installation.\nEOM\n    exit 1\nfi\n";
			showEnvVarsInLog = 0;
		};
		E880EA34FDC8385849393DD8 /* [CP] Copy Pods Resources */ = {
			isa = PBXShellScriptBuildPhase;
			buildActionMask = 2147483647;
			files = (
			);
			inputPaths = (
			);
			name = "[CP] Copy Pods Resources";
			outputPaths = (
			);
			runOnlyForDeploymentPostprocessing = 0;
			shellPath = /bin/sh;
			shellScript = "\"${SRCROOT}/Pods/Target Support Files/Pods-eLegionTestAppUITests/Pods-eLegionTestAppUITests-resources.sh\"\n";
			showEnvVarsInLog = 0;
		};
/* End PBXShellScriptBuildPhase section */

/* Begin PBXSourcesBuildPhase section */
		9462EB751D3E9187005F8DA9 /* Sources */ = {
			isa = PBXSourcesBuildPhase;
			buildActionMask = 2147483647;
			files = (
				9462EB7C1D3E9187005F8DA9 /* eLegionTestAppUITests.swift in Sources */,
			);
			runOnlyForDeploymentPostprocessing = 0;
		};
		9494FA291D352354001996EE /* Sources */ = {
			isa = PBXSourcesBuildPhase;
			buildActionMask = 2147483647;
			files = (
				9494FA351D352354001996EE /* AppDelegate.m in Sources */,
				9494FAA21D356624001996EE /* RepositoryOwner.m in Sources */,
				9494FA4F1D35252C001996EE /* MainViewController.m in Sources */,
				9494FA321D352354001996EE /* main.m in Sources */,
				9494FAAC1D3566BC001996EE /* RepositoryOwnerModel.m in Sources */,
				9494FAA81D356695001996EE /* RepoListRequestModel.m in Sources */,
				9494FAB01D356C0A001996EE /* JSONValueTransformer+ISO8601.m in Sources */,
				9494FA551D352546001996EE /* RepositoryTableViewCell.m in Sources */,
				9494FAB81D3575DB001996EE /* DatabaseManager.m in Sources */,
				9494FAA91D356695001996EE /* RepositoryModel.m in Sources */,
				9494FAA11D356624001996EE /* Repository.m in Sources */,
				9494FA631D3529CF001996EE /* SearchRequest.m in Sources */,
				9494FA5E1D35273C001996EE /* PHNetworkManager.m in Sources */,
				9494FA501D35252C001996EE /* SearchTableViewController.m in Sources */,
			);
			runOnlyForDeploymentPostprocessing = 0;
		};
/* End PBXSourcesBuildPhase section */

/* Begin PBXTargetDependency section */
		9462EB7F1D3E9187005F8DA9 /* PBXTargetDependency */ = {
			isa = PBXTargetDependency;
			target = 9494FA2C1D352354001996EE /* eLegionTestApp */;
			targetProxy = 9462EB7E1D3E9187005F8DA9 /* PBXContainerItemProxy */;
		};
/* End PBXTargetDependency section */

/* Begin PBXVariantGroup section */
		9494FA391D352354001996EE /* Main.storyboard */ = {
			isa = PBXVariantGroup;
			children = (
				9494FA3A1D352354001996EE /* Base */,
			);
			name = Main.storyboard;
			sourceTree = "<group>";
		};
		9494FA3E1D352354001996EE /* LaunchScreen.storyboard */ = {
			isa = PBXVariantGroup;
			children = (
				9494FA3F1D352354001996EE /* Base */,
			);
			name = LaunchScreen.storyboard;
			sourceTree = "<group>";
		};
/* End PBXVariantGroup section */

/* Begin XCBuildConfiguration section */
		9462EB811D3E9187005F8DA9 /* Debug */ = {
			isa = XCBuildConfiguration;
			baseConfigurationReference = ADC00A90351B99BF012C7997 /* Pods-eLegionTestAppUITests.debug.xcconfig */;
			buildSettings = {
				INFOPLIST_FILE = eLegionTestAppUITests/Info.plist;
				LD_RUNPATH_SEARCH_PATHS = "$(inherited) @executable_path/Frameworks @loader_path/Frameworks";
				PRODUCT_BUNDLE_IDENTIFIER = com.easyverzilla.eLegionTestAppUITests;
				PRODUCT_NAME = "$(TARGET_NAME)";
				SWIFT_OPTIMIZATION_LEVEL = "-Onone";
				TEST_TARGET_NAME = eLegionTestApp;
			};
			name = Debug;
		};
		9462EB821D3E9187005F8DA9 /* Release */ = {
			isa = XCBuildConfiguration;
			baseConfigurationReference = 892A639E1A598DEA47A1A6BF /* Pods-eLegionTestAppUITests.release.xcconfig */;
			buildSettings = {
				INFOPLIST_FILE = eLegionTestAppUITests/Info.plist;
				LD_RUNPATH_SEARCH_PATHS = "$(inherited) @executable_path/Frameworks @loader_path/Frameworks";
				PRODUCT_BUNDLE_IDENTIFIER = com.easyverzilla.eLegionTestAppUITests;
				PRODUCT_NAME = "$(TARGET_NAME)";
				TEST_TARGET_NAME = eLegionTestApp;
			};
			name = Release;
		};
		9494FA421D352354001996EE /* Debug */ = {
			isa = XCBuildConfiguration;
			buildSettings = {
				ALWAYS_SEARCH_USER_PATHS = NO;
				CLANG_ANALYZER_NONNULL = YES;
				CLANG_CXX_LANGUAGE_STANDARD = "gnu++0x";
				CLANG_CXX_LIBRARY = "libc++";
				CLANG_ENABLE_MODULES = YES;
				CLANG_ENABLE_OBJC_ARC = YES;
				CLANG_WARN_BOOL_CONVERSION = YES;
				CLANG_WARN_CONSTANT_CONVERSION = YES;
				CLANG_WARN_DIRECT_OBJC_ISA_USAGE = YES_ERROR;
				CLANG_WARN_EMPTY_BODY = YES;
				CLANG_WARN_ENUM_CONVERSION = YES;
				CLANG_WARN_INT_CONVERSION = YES;
				CLANG_WARN_OBJC_ROOT_CLASS = YES_ERROR;
				CLANG_WARN_UNREACHABLE_CODE = YES;
				CLANG_WARN__DUPLICATE_METHOD_MATCH = YES;
				"CODE_SIGN_IDENTITY[sdk=iphoneos*]" = "iPhone Developer";
				COPY_PHASE_STRIP = NO;
				DEBUG_INFORMATION_FORMAT = dwarf;
				ENABLE_STRICT_OBJC_MSGSEND = YES;
				ENABLE_TESTABILITY = YES;
				GCC_C_LANGUAGE_STANDARD = gnu99;
				GCC_DYNAMIC_NO_PIC = NO;
				GCC_NO_COMMON_BLOCKS = YES;
				GCC_OPTIMIZATION_LEVEL = 0;
				GCC_PREPROCESSOR_DEFINITIONS = (
					"DEBUG=1",
					"$(inherited)",
				);
				GCC_WARN_64_TO_32_BIT_CONVERSION = YES;
				GCC_WARN_ABOUT_RETURN_TYPE = YES_ERROR;
				GCC_WARN_UNDECLARED_SELECTOR = YES;
				GCC_WARN_UNINITIALIZED_AUTOS = YES_AGGRESSIVE;
				GCC_WARN_UNUSED_FUNCTION = YES;
				GCC_WARN_UNUSED_VARIABLE = YES;
				IPHONEOS_DEPLOYMENT_TARGET = 9.3;
				MTL_ENABLE_DEBUG_INFO = YES;
				ONLY_ACTIVE_ARCH = YES;
				SDKROOT = iphoneos;
				TARGETED_DEVICE_FAMILY = "1,2";
			};
			name = Debug;
		};
		9494FA431D352354001996EE /* Release */ = {
			isa = XCBuildConfiguration;
			buildSettings = {
				ALWAYS_SEARCH_USER_PATHS = NO;
				CLANG_ANALYZER_NONNULL = YES;
				CLANG_CXX_LANGUAGE_STANDARD = "gnu++0x";
				CLANG_CXX_LIBRARY = "libc++";
				CLANG_ENABLE_MODULES = YES;
				CLANG_ENABLE_OBJC_ARC = YES;
				CLANG_WARN_BOOL_CONVERSION = YES;
				CLANG_WARN_CONSTANT_CONVERSION = YES;
				CLANG_WARN_DIRECT_OBJC_ISA_USAGE = YES_ERROR;
				CLANG_WARN_EMPTY_BODY = YES;
				CLANG_WARN_ENUM_CONVERSION = YES;
				CLANG_WARN_INT_CONVERSION = YES;
				CLANG_WARN_OBJC_ROOT_CLASS = YES_ERROR;
				CLANG_WARN_UNREACHABLE_CODE = YES;
				CLANG_WARN__DUPLICATE_METHOD_MATCH = YES;
				"CODE_SIGN_IDENTITY[sdk=iphoneos*]" = "iPhone Developer";
				COPY_PHASE_STRIP = NO;
				DEBUG_INFORMATION_FORMAT = "dwarf-with-dsym";
				ENABLE_NS_ASSERTIONS = NO;
				ENABLE_STRICT_OBJC_MSGSEND = YES;
				GCC_C_LANGUAGE_STANDARD = gnu99;
				GCC_NO_COMMON_BLOCKS = YES;
				GCC_WARN_64_TO_32_BIT_CONVERSION = YES;
				GCC_WARN_ABOUT_RETURN_TYPE = YES_ERROR;
				GCC_WARN_UNDECLARED_SELECTOR = YES;
				GCC_WARN_UNINITIALIZED_AUTOS = YES_AGGRESSIVE;
				GCC_WARN_UNUSED_FUNCTION = YES;
				GCC_WARN_UNUSED_VARIABLE = YES;
				IPHONEOS_DEPLOYMENT_TARGET = 9.3;
				MTL_ENABLE_DEBUG_INFO = NO;
				SDKROOT = iphoneos;
				TARGETED_DEVICE_FAMILY = "1,2";
				VALIDATE_PRODUCT = YES;
			};
			name = Release;
		};
		9494FA451D352354001996EE /* Debug */ = {
			isa = XCBuildConfiguration;
			baseConfigurationReference = B11538F8EA588A77E0265764 /* Pods-eLegionTestApp.debug.xcconfig */;
			buildSettings = {
				ASSETCATALOG_COMPILER_APPICON_NAME = AppIcon;
				CLANG_ENABLE_MODULES = YES;
				INFOPLIST_FILE = eLegionTestApp/Info.plist;
				LD_RUNPATH_SEARCH_PATHS = "$(inherited) @executable_path/Frameworks";
				PRODUCT_BUNDLE_IDENTIFIER = com.easyverzilla.eLegionTestApp;
				PRODUCT_NAME = "$(TARGET_NAME)";
				SWIFT_OBJC_BRIDGING_HEADER = "eLegionTestApp-Bridging-Header.h";
				SWIFT_OPTIMIZATION_LEVEL = "-Onone";
			};
			name = Debug;
		};
		9494FA461D352354001996EE /* Release */ = {
			isa = XCBuildConfiguration;
			baseConfigurationReference = 9E4558DF5D170837F4562423 /* Pods-eLegionTestApp.release.xcconfig */;
			buildSettings = {
				ASSETCATALOG_COMPILER_APPICON_NAME = AppIcon;
				CLANG_ENABLE_MODULES = YES;
				INFOPLIST_FILE = eLegionTestApp/Info.plist;
				LD_RUNPATH_SEARCH_PATHS = "$(inherited) @executable_path/Frameworks";
				PRODUCT_BUNDLE_IDENTIFIER = com.easyverzilla.eLegionTestApp;
				PRODUCT_NAME = "$(TARGET_NAME)";
				SWIFT_OBJC_BRIDGING_HEADER = "eLegionTestApp-Bridging-Header.h";
			};
			name = Release;
		};
/* End XCBuildConfiguration section */

/* Begin XCConfigurationList section */
		9462EB801D3E9187005F8DA9 /* Build configuration list for PBXNativeTarget "eLegionTestAppUITests" */ = {
			isa = XCConfigurationList;
			buildConfigurations = (
				9462EB811D3E9187005F8DA9 /* Debug */,
				9462EB821D3E9187005F8DA9 /* Release */,
			);
			defaultConfigurationIsVisible = 0;
			defaultConfigurationName = Release;
		};
		9494FA281D352354001996EE /* Build configuration list for PBXProject "eLegionTestApp" */ = {
			isa = XCConfigurationList;
			buildConfigurations = (
				9494FA421D352354001996EE /* Debug */,
				9494FA431D352354001996EE /* Release */,
			);
			defaultConfigurationIsVisible = 0;
			defaultConfigurationName = Release;
		};
		9494FA441D352354001996EE /* Build configuration list for PBXNativeTarget "eLegionTestApp" */ = {
			isa = XCConfigurationList;
			buildConfigurations = (
				9494FA451D352354001996EE /* Debug */,
				9494FA461D352354001996EE /* Release */,
			);
			defaultConfigurationIsVisible = 0;
			defaultConfigurationName = Release;
		};
/* End XCConfigurationList section */
	};
	rootObject = 9494FA251D352354001996EE /* Project object */;
}
